// !$*UTF8*$!
{
	archiveVersion = 1;
	classes = {
	};
	objectVersion = 46;
	objects = {

/* Begin PBXBuildFile section */
		8A81317E1D41BE0E0027CF18 /* FilterStillPhotoVC.m in Sources */ = {isa = PBXBuildFile; fileRef = 8A81317D1D41BE0E0027CF18 /* FilterStillPhotoVC.m */; };
		8A8131841D4202540027CF18 /* UIView+Frame.m in Sources */ = {isa = PBXBuildFile; fileRef = 8A8131831D4202540027CF18 /* UIView+Frame.m */; };
		8A8131881D4203A70027CF18 /* FilterLiveVideoVC.m in Sources */ = {isa = PBXBuildFile; fileRef = 8A8131861D4203A70027CF18 /* FilterLiveVideoVC.m */; };
		8A8131891D4203A70027CF18 /* FilterLiveVideoVC.xib in Resources */ = {isa = PBXBuildFile; fileRef = 8A8131871D4203A70027CF18 /* FilterLiveVideoVC.xib */; };
		F00E5D12D88E7AE9D96775AE /* libPods.a in Frameworks */ = {isa = PBXBuildFile; fileRef = 2F570F8B55F5CA7EC86E6323 /* libPods.a */; };
		FBF6337E1B3BF20E009B8ECB /* main.m in Sources */ = {isa = PBXBuildFile; fileRef = FBF6337D1B3BF20E009B8ECB /* main.m */; };
		FBF633811B3BF20E009B8ECB /* AppDelegate.m in Sources */ = {isa = PBXBuildFile; fileRef = FBF633801B3BF20E009B8ECB /* AppDelegate.m */; };
		FBF633841B3BF20E009B8ECB /* ViewController.m in Sources */ = {isa = PBXBuildFile; fileRef = FBF633831B3BF20E009B8ECB /* ViewController.m */; };
		FBF633871B3BF20E009B8ECB /* Main.storyboard in Resources */ = {isa = PBXBuildFile; fileRef = FBF633851B3BF20E009B8ECB /* Main.storyboard */; };
		FBF633891B3BF20E009B8ECB /* Images.xcassets in Resources */ = {isa = PBXBuildFile; fileRef = FBF633881B3BF20E009B8ECB /* Images.xcassets */; };
		FBF6338C1B3BF20E009B8ECB /* LaunchScreen.xib in Resources */ = {isa = PBXBuildFile; fileRef = FBF6338A1B3BF20E009B8ECB /* LaunchScreen.xib */; };
		FBF633981B3BF20E009B8ECB /* GPUImageDemoTests.m in Sources */ = {isa = PBXBuildFile; fileRef = FBF633971B3BF20E009B8ECB /* GPUImageDemoTests.m */; };
		FBF635B31B3BF296009B8ECB /* OpenGLES.framework in Frameworks */ = {isa = PBXBuildFile; fileRef = FBF635B21B3BF296009B8ECB /* OpenGLES.framework */; };
		FBF635B51B3BF2A7009B8ECB /* QuartzCore.framework in Frameworks */ = {isa = PBXBuildFile; fileRef = FBF635B41B3BF2A7009B8ECB /* QuartzCore.framework */; };
		FBF635D01B3BF46B009B8ECB /* 1.jpg in Resources */ = {isa = PBXBuildFile; fileRef = FBF635CF1B3BF46B009B8ECB /* 1.jpg */; };
/* End PBXBuildFile section */

/* Begin PBXContainerItemProxy section */
		FBF633921B3BF20E009B8ECB /* PBXContainerItemProxy */ = {
			isa = PBXContainerItemProxy;
			containerPortal = FBF633701B3BF20E009B8ECB /* Project object */;
			proxyType = 1;
			remoteGlobalIDString = FBF633771B3BF20E009B8ECB;
			remoteInfo = GPUImageDemo;
		};
/* End PBXContainerItemProxy section */

/* Begin PBXFileReference section */
		2926076944715A3EE593B4E2 /* Pods.debug.xcconfig */ = {isa = PBXFileReference; includeInIndex = 1; lastKnownFileType = text.xcconfig; name = Pods.debug.xcconfig; path = "Pods/Target Support Files/Pods/Pods.debug.xcconfig"; sourceTree = "<group>"; };
		2F570F8B55F5CA7EC86E6323 /* libPods.a */ = {isa = PBXFileReference; explicitFileType = archive.ar; includeInIndex = 0; path = libPods.a; sourceTree = BUILT_PRODUCTS_DIR; };
		8A81317C1D41BE0E0027CF18 /* FilterStillPhotoVC.h */ = {isa = PBXFileReference; fileEncoding = 4; lastKnownFileType = sourcecode.c.h; path = FilterStillPhotoVC.h; sourceTree = "<group>"; };
		8A81317D1D41BE0E0027CF18 /* FilterStillPhotoVC.m */ = {isa = PBXFileReference; fileEncoding = 4; lastKnownFileType = sourcecode.c.objc; path = FilterStillPhotoVC.m; sourceTree = "<group>"; };
		8A81317F1D41BEC60027CF18 /* PrefixHeader.pch */ = {isa = PBXFileReference; lastKnownFileType = sourcecode.c.h; name = PrefixHeader.pch; path = ../PrefixHeader.pch; sourceTree = "<group>"; };
		8A8131821D4202540027CF18 /* UIView+Frame.h */ = {isa = PBXFileReference; fileEncoding = 4; lastKnownFileType = sourcecode.c.h; path = "UIView+Frame.h"; sourceTree = "<group>"; };
		8A8131831D4202540027CF18 /* UIView+Frame.m */ = {isa = PBXFileReference; fileEncoding = 4; lastKnownFileType = sourcecode.c.objc; path = "UIView+Frame.m"; sourceTree = "<group>"; };
		8A8131851D4203A70027CF18 /* FilterLiveVideoVC.h */ = {isa = PBXFileReference; fileEncoding = 4; lastKnownFileType = sourcecode.c.h; path = FilterLiveVideoVC.h; sourceTree = "<group>"; };
		8A8131861D4203A70027CF18 /* FilterLiveVideoVC.m */ = {isa = PBXFileReference; fileEncoding = 4; lastKnownFileType = sourcecode.c.objc; path = FilterLiveVideoVC.m; sourceTree = "<group>"; };
		8A8131871D4203A70027CF18 /* FilterLiveVideoVC.xib */ = {isa = PBXFileReference; fileEncoding = 4; lastKnownFileType = file.xib; path = FilterLiveVideoVC.xib; sourceTree = "<group>"; };
		D71564E04B118ABC4F115163 /* Pods.release.xcconfig */ = {isa = PBXFileReference; includeInIndex = 1; lastKnownFileType = text.xcconfig; name = Pods.release.xcconfig; path = "Pods/Target Support Files/Pods/Pods.release.xcconfig"; sourceTree = "<group>"; };
		FBF633781B3BF20E009B8ECB /* GPUImageDemo.app */ = {isa = PBXFileReference; explicitFileType = wrapper.application; includeInIndex = 0; path = GPUImageDemo.app; sourceTree = BUILT_PRODUCTS_DIR; };
		FBF6337C1B3BF20E009B8ECB /* Info.plist */ = {isa = PBXFileReference; lastKnownFileType = text.plist.xml; path = Info.plist; sourceTree = "<group>"; };
		FBF6337D1B3BF20E009B8ECB /* main.m */ = {isa = PBXFileReference; lastKnownFileType = sourcecode.c.objc; path = main.m; sourceTree = "<group>"; };
		FBF6337F1B3BF20E009B8ECB /* AppDelegate.h */ = {isa = PBXFileReference; lastKnownFileType = sourcecode.c.h; path = AppDelegate.h; sourceTree = "<group>"; };
		FBF633801B3BF20E009B8ECB /* AppDelegate.m */ = {isa = PBXFileReference; lastKnownFileType = sourcecode.c.objc; path = AppDelegate.m; sourceTree = "<group>"; };
		FBF633821B3BF20E009B8ECB /* ViewController.h */ = {isa = PBXFileReference; lastKnownFileType = sourcecode.c.h; path = ViewController.h; sourceTree = "<group>"; };
		FBF633831B3BF20E009B8ECB /* ViewController.m */ = {isa = PBXFileReference; lastKnownFileType = sourcecode.c.objc; path = ViewController.m; sourceTree = "<group>"; };
		FBF633861B3BF20E009B8ECB /* Base */ = {isa = PBXFileReference; lastKnownFileType = file.storyboard; name = Base; path = Base.lproj/Main.storyboard; sourceTree = "<group>"; };
		FBF633881B3BF20E009B8ECB /* Images.xcassets */ = {isa = PBXFileReference; lastKnownFileType = folder.assetcatalog; path = Images.xcassets; sourceTree = "<group>"; };
		FBF6338B1B3BF20E009B8ECB /* Base */ = {isa = PBXFileReference; lastKnownFileType = file.xib; name = Base; path = Base.lproj/LaunchScreen.xib; sourceTree = "<group>"; };
		FBF633911B3BF20E009B8ECB /* GPUImageDemoTests.xctest */ = {isa = PBXFileReference; explicitFileType = wrapper.cfbundle; includeInIndex = 0; path = GPUImageDemoTests.xctest; sourceTree = BUILT_PRODUCTS_DIR; };
		FBF633961B3BF20E009B8ECB /* Info.plist */ = {isa = PBXFileReference; lastKnownFileType = text.plist.xml; path = Info.plist; sourceTree = "<group>"; };
		FBF633971B3BF20E009B8ECB /* GPUImageDemoTests.m */ = {isa = PBXFileReference; lastKnownFileType = sourcecode.c.objc; path = GPUImageDemoTests.m; sourceTree = "<group>"; };
		FBF635B21B3BF296009B8ECB /* OpenGLES.framework */ = {isa = PBXFileReference; lastKnownFileType = wrapper.framework; name = OpenGLES.framework; path = System/Library/Frameworks/OpenGLES.framework; sourceTree = SDKROOT; };
		FBF635B41B3BF2A7009B8ECB /* QuartzCore.framework */ = {isa = PBXFileReference; lastKnownFileType = wrapper.framework; name = QuartzCore.framework; path = System/Library/Frameworks/QuartzCore.framework; sourceTree = SDKROOT; };
		FBF635CF1B3BF46B009B8ECB /* 1.jpg */ = {isa = PBXFileReference; lastKnownFileType = image.jpeg; name = 1.jpg; path = Source/1.jpg; sourceTree = "<group>"; };
/* End PBXFileReference section */

/* Begin PBXFrameworksBuildPhase section */
		FBF633751B3BF20E009B8ECB /* Frameworks */ = {
			isa = PBXFrameworksBuildPhase;
			buildActionMask = 2147483647;
			files = (
				FBF635B51B3BF2A7009B8ECB /* QuartzCore.framework in Frameworks */,
				FBF635B31B3BF296009B8ECB /* OpenGLES.framework in Frameworks */,
				F00E5D12D88E7AE9D96775AE /* libPods.a in Frameworks */,
			);
			runOnlyForDeploymentPostprocessing = 0;
		};
		FBF6338E1B3BF20E009B8ECB /* Frameworks */ = {
			isa = PBXFrameworksBuildPhase;
			buildActionMask = 2147483647;
			files = (
			);
			runOnlyForDeploymentPostprocessing = 0;
		};
/* End PBXFrameworksBuildPhase section */

/* Begin PBXGroup section */
		6E3FDF43C335A36AB707B9FC /* Pods */ = {
			isa = PBXGroup;
			children = (
				2926076944715A3EE593B4E2 /* Pods.debug.xcconfig */,
				D71564E04B118ABC4F115163 /* Pods.release.xcconfig */,
			);
			name = Pods;
			sourceTree = "<group>";
		};
		752D92C98BC93C8A31BE6C13 /* Frameworks */ = {
			isa = PBXGroup;
			children = (
				2F570F8B55F5CA7EC86E6323 /* libPods.a */,
			);
			name = Frameworks;
			sourceTree = "<group>";
		};
		8A81317B1D41BDCC0027CF18 /* Controllers */ = {
			isa = PBXGroup;
			children = (
				8A81317C1D41BE0E0027CF18 /* FilterStillPhotoVC.h */,
				8A81317D1D41BE0E0027CF18 /* FilterStillPhotoVC.m */,
				8A8131851D4203A70027CF18 /* FilterLiveVideoVC.h */,
				8A8131861D4203A70027CF18 /* FilterLiveVideoVC.m */,
				8A8131871D4203A70027CF18 /* FilterLiveVideoVC.xib */,
			);
			name = Controllers;
			sourceTree = "<group>";
		};
		8A8131801D41BF480027CF18 /* source */ = {
			isa = PBXGroup;
			children = (
				FBF635CF1B3BF46B009B8ECB /* 1.jpg */,
			);
			name = source;
			sourceTree = "<group>";
		};
		8A8131811D4202410027CF18 /* Common */ = {
			isa = PBXGroup;
			children = (
				8A8131821D4202540027CF18 /* UIView+Frame.h */,
				8A8131831D4202540027CF18 /* UIView+Frame.m */,
			);
			name = Common;
			sourceTree = "<group>";
		};
		FBF6336F1B3BF20E009B8ECB = {
			isa = PBXGroup;
			children = (
				FBF635B41B3BF2A7009B8ECB /* QuartzCore.framework */,
				FBF635B21B3BF296009B8ECB /* OpenGLES.framework */,
				FBF6337A1B3BF20E009B8ECB /* GPUImageDemo */,
				FBF633941B3BF20E009B8ECB /* GPUImageDemoTests */,
				FBF633791B3BF20E009B8ECB /* Products */,
				6E3FDF43C335A36AB707B9FC /* Pods */,
				752D92C98BC93C8A31BE6C13 /* Frameworks */,
			);
			sourceTree = "<group>";
		};
		FBF633791B3BF20E009B8ECB /* Products */ = {
			isa = PBXGroup;
			children = (
				FBF633781B3BF20E009B8ECB /* GPUImageDemo.app */,
				FBF633911B3BF20E009B8ECB /* GPUImageDemoTests.xctest */,
			);
			name = Products;
			sourceTree = "<group>";
		};
		FBF6337A1B3BF20E009B8ECB /* GPUImageDemo */ = {
			isa = PBXGroup;
			children = (
				8A8131811D4202410027CF18 /* Common */,
				8A8131801D41BF480027CF18 /* source */,
				8A81317B1D41BDCC0027CF18 /* Controllers */,
				FBF6337F1B3BF20E009B8ECB /* AppDelegate.h */,
				FBF633801B3BF20E009B8ECB /* AppDelegate.m */,
				FBF633821B3BF20E009B8ECB /* ViewController.h */,
				FBF633831B3BF20E009B8ECB /* ViewController.m */,
				FBF633851B3BF20E009B8ECB /* Main.storyboard */,
				FBF633881B3BF20E009B8ECB /* Images.xcassets */,
				FBF6338A1B3BF20E009B8ECB /* LaunchScreen.xib */,
				FBF6337B1B3BF20E009B8ECB /* Supporting Files */,
			);
			path = GPUImageDemo;
			sourceTree = "<group>";
		};
		FBF6337B1B3BF20E009B8ECB /* Supporting Files */ = {
			isa = PBXGroup;
			children = (
				FBF6337C1B3BF20E009B8ECB /* Info.plist */,
				FBF6337D1B3BF20E009B8ECB /* main.m */,
				8A81317F1D41BEC60027CF18 /* PrefixHeader.pch */,
			);
			name = "Supporting Files";
			sourceTree = "<group>";
		};
		FBF633941B3BF20E009B8ECB /* GPUImageDemoTests */ = {
			isa = PBXGroup;
			children = (
				FBF633971B3BF20E009B8ECB /* GPUImageDemoTests.m */,
				FBF633951B3BF20E009B8ECB /* Supporting Files */,
			);
			path = GPUImageDemoTests;
			sourceTree = "<group>";
		};
		FBF633951B3BF20E009B8ECB /* Supporting Files */ = {
			isa = PBXGroup;
			children = (
				FBF633961B3BF20E009B8ECB /* Info.plist */,
			);
			name = "Supporting Files";
			sourceTree = "<group>";
		};
/* End PBXGroup section */

/* Begin PBXNativeTarget section */
		FBF633771B3BF20E009B8ECB /* GPUImageDemo */ = {
			isa = PBXNativeTarget;
			buildConfigurationList = FBF6339B1B3BF20E009B8ECB /* Build configuration list for PBXNativeTarget "GPUImageDemo" */;
			buildPhases = (
				499FB742FBC2FC16D5555724 /* Check Pods Manifest.lock */,
				FBF633741B3BF20E009B8ECB /* Sources */,
				FBF633751B3BF20E009B8ECB /* Frameworks */,
				FBF633761B3BF20E009B8ECB /* Resources */,
				F32D5682EF2D5F20501190D0 /* Embed Pods Frameworks */,
				B5402490C41F67E5B6E8FD9C /* Copy Pods Resources */,
			);
			buildRules = (
			);
			dependencies = (
			);
			name = GPUImageDemo;
			productName = GPUImageDemo;
			productReference = FBF633781B3BF20E009B8ECB /* GPUImageDemo.app */;
			productType = "com.apple.product-type.application";
		};
		FBF633901B3BF20E009B8ECB /* GPUImageDemoTests */ = {
			isa = PBXNativeTarget;
			buildConfigurationList = FBF6339E1B3BF20E009B8ECB /* Build configuration list for PBXNativeTarget "GPUImageDemoTests" */;
			buildPhases = (
				FBF6338D1B3BF20E009B8ECB /* Sources */,
				FBF6338E1B3BF20E009B8ECB /* Frameworks */,
				FBF6338F1B3BF20E009B8ECB /* Resources */,
			);
			buildRules = (
			);
			dependencies = (
				FBF633931B3BF20E009B8ECB /* PBXTargetDependency */,
			);
			name = GPUImageDemoTests;
			productName = GPUImageDemoTests;
			productReference = FBF633911B3BF20E009B8ECB /* GPUImageDemoTests.xctest */;
			productType = "com.apple.product-type.bundle.unit-test";
		};
/* End PBXNativeTarget section */

/* Begin PBXProject section */
		FBF633701B3BF20E009B8ECB /* Project object */ = {
			isa = PBXProject;
			attributes = {
				LastUpgradeCheck = 0630;
				ORGANIZATIONNAME = GM;
				TargetAttributes = {
					FBF633771B3BF20E009B8ECB = {
						CreatedOnToolsVersion = 6.3;
						DevelopmentTeam = TCJNMH865K;
						DevelopmentTeamName = "国民 李 (Personal Team)";
					};
					FBF633901B3BF20E009B8ECB = {
						CreatedOnToolsVersion = 6.3;
						TestTargetID = FBF633771B3BF20E009B8ECB;
					};
				};
			};
			buildConfigurationList = FBF633731B3BF20E009B8ECB /* Build configuration list for PBXProject "GPUImageDemo" */;
			compatibilityVersion = "Xcode 3.2";
			developmentRegion = English;
			hasScannedForEncodings = 0;
			knownRegions = (
				en,
				Base,
			);
			mainGroup = FBF6336F1B3BF20E009B8ECB;
			productRefGroup = FBF633791B3BF20E009B8ECB /* Products */;
			projectDirPath = "";
			projectRoot = "";
			targets = (
				FBF633771B3BF20E009B8ECB /* GPUImageDemo */,
				FBF633901B3BF20E009B8ECB /* GPUImageDemoTests */,
			);
		};
/* End PBXProject section */

/* Begin PBXResourcesBuildPhase section */
		FBF633761B3BF20E009B8ECB /* Resources */ = {
			isa = PBXResourcesBuildPhase;
			buildActionMask = 2147483647;
			files = (
				FBF633871B3BF20E009B8ECB /* Main.storyboard in Resources */,
				FBF6338C1B3BF20E009B8ECB /* LaunchScreen.xib in Resources */,
				FBF633891B3BF20E009B8ECB /* Images.xcassets in Resources */,
				FBF635D01B3BF46B009B8ECB /* 1.jpg in Resources */,
				8A8131891D4203A70027CF18 /* FilterLiveVideoVC.xib in Resources */,
			);
			runOnlyForDeploymentPostprocessing = 0;
		};
		FBF6338F1B3BF20E009B8ECB /* Resources */ = {
			isa = PBXResourcesBuildPhase;
			buildActionMask = 2147483647;
			files = (
			);
			runOnlyForDeploymentPostprocessing = 0;
		};
/* End PBXResourcesBuildPhase section */

/* Begin PBXShellScriptBuildPhase section */
		499FB742FBC2FC16D5555724 /* Check Pods Manifest.lock */ = {
			isa = PBXShellScriptBuildPhase;
			buildActionMask = 2147483647;
			files = (
			);
			inputPaths = (
			);
			name = "Check Pods Manifest.lock";
			outputPaths = (
			);
			runOnlyForDeploymentPostprocessing = 0;
			shellPath = /bin/sh;
			shellScript = "diff \"${PODS_ROOT}/../Podfile.lock\" \"${PODS_ROOT}/Manifest.lock\" > /dev/null\nif [[ $? != 0 ]] ; then\n    cat << EOM\nerror: The sandbox is not in sync with the Podfile.lock. Run 'pod install' or update your CocoaPods installation.\nEOM\n    exit 1\nfi\n";
			showEnvVarsInLog = 0;
		};
		B5402490C41F67E5B6E8FD9C /* Copy Pods Resources */ = {
			isa = PBXShellScriptBuildPhase;
			buildActionMask = 2147483647;
			files = (
			);
			inputPaths = (
			);
			name = "Copy Pods Resources";
			outputPaths = (
			);
			runOnlyForDeploymentPostprocessing = 0;
			shellPath = /bin/sh;
			shellScript = "\"${SRCROOT}/Pods/Target Support Files/Pods/Pods-resources.sh\"\n";
			showEnvVarsInLog = 0;
		};
		F32D5682EF2D5F20501190D0 /* Embed Pods Frameworks */ = {
			isa = PBXShellScriptBuildPhase;
			buildActionMask = 2147483647;
			files = (
			);
			inputPaths = (
			);
			name = "Embed Pods Frameworks";
			outputPaths = (
			);
			runOnlyForDeploymentPostprocessing = 0;
			shellPath = /bin/sh;
			shellScript = "\"${SRCROOT}/Pods/Target Support Files/Pods/Pods-frameworks.sh\"\n";
			showEnvVarsInLog = 0;
		};
/* End PBXShellScriptBuildPhase section */

/* Begin PBXSourcesBuildPhase section */
		FBF633741B3BF20E009B8ECB /* Sources */ = {
			isa = PBXSourcesBuildPhase;
			buildActionMask = 2147483647;
			files = (
				8A81317E1D41BE0E0027CF18 /* FilterStillPhotoVC.m in Sources */,
				FBF633841B3BF20E009B8ECB /* ViewController.m in Sources */,
				FBF633811B3BF20E009B8ECB /* AppDelegate.m in Sources */,
				8A8131841D4202540027CF18 /* UIView+Frame.m in Sources */,
				8A8131881D4203A70027CF18 /* FilterLiveVideoVC.m in Sources */,
				FBF6337E1B3BF20E009B8ECB /* main.m in Sources */,
			);
			runOnlyForDeploymentPostprocessing = 0;
		};
		FBF6338D1B3BF20E009B8ECB /* Sources */ = {
			isa = PBXSourcesBuildPhase;
			buildActionMask = 2147483647;
			files = (
				FBF633981B3BF20E009B8ECB /* GPUImageDemoTests.m in Sources */,
			);
			runOnlyForDeploymentPostprocessing = 0;
		};
/* End PBXSourcesBuildPhase section */

/* Begin PBXTargetDependency section */
		FBF633931B3BF20E009B8ECB /* PBXTargetDependency */ = {
			isa = PBXTargetDependency;
			target = FBF633771B3BF20E009B8ECB /* GPUImageDemo */;
			targetProxy = FBF633921B3BF20E009B8ECB /* PBXContainerItemProxy */;
		};
/* End PBXTargetDependency section */

/* Begin PBXVariantGroup section */
		FBF633851B3BF20E009B8ECB /* Main.storyboard */ = {
			isa = PBXVariantGroup;
			children = (
				FBF633861B3BF20E009B8ECB /* Base */,
			);
			name = Main.storyboard;
			sourceTree = "<group>";
		};
		FBF6338A1B3BF20E009B8ECB /* LaunchScreen.xib */ = {
			isa = PBXVariantGroup;
			children = (
				FBF6338B1B3BF20E009B8ECB /* Base */,
			);
			name = LaunchScreen.xib;
			sourceTree = "<group>";
		};
/* End PBXVariantGroup section */

/* Begin XCBuildConfiguration section */
		FBF633991B3BF20E009B8ECB /* Debug */ = {
			isa = XCBuildConfiguration;
			buildSettings = {
				ALWAYS_SEARCH_USER_PATHS = NO;
				CLANG_CXX_LANGUAGE_STANDARD = "gnu++0x";
				CLANG_CXX_LIBRARY = "libc++";
				CLANG_ENABLE_MODULES = YES;
				CLANG_ENABLE_OBJC_ARC = YES;
				CLANG_WARN_BOOL_CONVERSION = YES;
				CLANG_WARN_CONSTANT_CONVERSION = YES;
				CLANG_WARN_DIRECT_OBJC_ISA_USAGE = YES_ERROR;
				CLANG_WARN_EMPTY_BODY = YES;
				CLANG_WARN_ENUM_CONVERSION = YES;
				CLANG_WARN_INT_CONVERSION = YES;
				CLANG_WARN_OBJC_ROOT_CLASS = YES_ERROR;
				CLANG_WARN_UNREACHABLE_CODE = YES;
				CLANG_WARN__DUPLICATE_METHOD_MATCH = YES;
				"CODE_SIGN_IDENTITY[sdk=iphoneos*]" = "iPhone Developer";
				COPY_PHASE_STRIP = NO;
				DEBUG_INFORMATION_FORMAT = "dwarf-with-dsym";
				ENABLE_STRICT_OBJC_MSGSEND = YES;
				GCC_C_LANGUAGE_STANDARD = gnu99;
				GCC_DYNAMIC_NO_PIC = NO;
				GCC_NO_COMMON_BLOCKS = YES;
				GCC_OPTIMIZATION_LEVEL = 0;
				GCC_PREPROCESSOR_DEFINITIONS = (
					"DEBUG=1",
					"$(inherited)",
				);
				GCC_SYMBOLS_PRIVATE_EXTERN = NO;
				GCC_WARN_64_TO_32_BIT_CONVERSION = YES;
				GCC_WARN_ABOUT_RETURN_TYPE = YES_ERROR;
				GCC_WARN_UNDECLARED_SELECTOR = YES;
				GCC_WARN_UNINITIALIZED_AUTOS = YES_AGGRESSIVE;
				GCC_WARN_UNUSED_FUNCTION = YES;
				GCC_WARN_UNUSED_VARIABLE = YES;
				IPHONEOS_DEPLOYMENT_TARGET = 8.3;
				MTL_ENABLE_DEBUG_INFO = YES;
				ONLY_ACTIVE_ARCH = YES;
				SDKROOT = iphoneos;
				TARGETED_DEVICE_FAMILY = "1,2";
			};
			name = Debug;
		};
		FBF6339A1B3BF20E009B8ECB /* Release */ = {
			isa = XCBuildConfiguration;
			buildSettings = {
				ALWAYS_SEARCH_USER_PATHS = NO;
				CLANG_CXX_LANGUAGE_STANDARD = "gnu++0x";
				CLANG_CXX_LIBRARY = "libc++";
				CLANG_ENABLE_MODULES = YES;
				CLANG_ENABLE_OBJC_ARC = YES;
				CLANG_WARN_BOOL_CONVERSION = YES;
				CLANG_WARN_CONSTANT_CONVERSION = YES;
				CLANG_WARN_DIRECT_OBJC_ISA_USAGE = YES_ERROR;
				CLANG_WARN_EMPTY_BODY = YES;
				CLANG_WARN_ENUM_CONVERSION = YES;
				CLANG_WARN_INT_CONVERSION = YES;
				CLANG_WARN_OBJC_ROOT_CLASS = YES_ERROR;
				CLANG_WARN_UNREACHABLE_CODE = YES;
				CLANG_WARN__DUPLICATE_METHOD_MATCH = YES;
				"CODE_SIGN_IDENTITY[sdk=iphoneos*]" = "iPhone Developer";
				COPY_PHASE_STRIP = NO;
				DEBUG_INFORMATION_FORMAT = "dwarf-with-dsym";
				ENABLE_NS_ASSERTIONS = NO;
				ENABLE_STRICT_OBJC_MSGSEND = YES;
				GCC_C_LANGUAGE_STANDARD = gnu99;
				GCC_NO_COMMON_BLOCKS = YES;
				GCC_WARN_64_TO_32_BIT_CONVERSION = YES;
				GCC_WARN_ABOUT_RETURN_TYPE = YES_ERROR;
				GCC_WARN_UNDECLARED_SELECTOR = YES;
				GCC_WARN_UNINITIALIZED_AUTOS = YES_AGGRESSIVE;
				GCC_WARN_UNUSED_FUNCTION = YES;
				GCC_WARN_UNUSED_VARIABLE = YES;
				IPHONEOS_DEPLOYMENT_TARGET = 8.3;
				MTL_ENABLE_DEBUG_INFO = NO;
				SDKROOT = iphoneos;
				TARGETED_DEVICE_FAMILY = "1,2";
				VALIDATE_PRODUCT = YES;
			};
			name = Release;
		};
		FBF6339C1B3BF20E009B8ECB /* Debug */ = {
			isa = XCBuildConfiguration;
			baseConfigurationReference = 2926076944715A3EE593B4E2 /* Pods.debug.xcconfig */;
			buildSettings = {
				ASSETCATALOG_COMPILER_APPICON_NAME = AppIcon;
				GCC_PREFIX_HEADER = "$(SRCROOT)/PrefixHeader.pch";
				INFOPLIST_FILE = GPUImageDemo/Info.plist;
				IPHONEOS_DEPLOYMENT_TARGET = 8.2;
				LD_RUNPATH_SEARCH_PATHS = "$(inherited) @executable_path/Frameworks";
				PRODUCT_BUNDLE_IDENTIFIER = GM.GPUImageDemoll;
				PRODUCT_NAME = "$(TARGET_NAME)";
			};
			name = Debug;
		};
		FBF6339D1B3BF20E009B8ECB /* Release */ = {
			isa = XCBuildConfiguration;
			baseConfigurationReference = D71564E04B118ABC4F115163 /* Pods.release.xcconfig */;
			buildSettings = {
				ASSETCATALOG_COMPILER_APPICON_NAME = AppIcon;
				GCC_PREFIX_HEADER = "$(SRCROOT)/PrefixHeader.pch";
				INFOPLIST_FILE = GPUImageDemo/Info.plist;
				IPHONEOS_DEPLOYMENT_TARGET = 8.2;
				LD_RUNPATH_SEARCH_PATHS = "$(inherited) @executable_path/Frameworks";
				PRODUCT_BUNDLE_IDENTIFIER = GM.GPUImageDemoll;
				PRODUCT_NAME = "$(TARGET_NAME)";
			};
			name = Release;
		};
		FBF6339F1B3BF20E009B8ECB /* Debug */ = {
			isa = XCBuildConfiguration;
			buildSettings = {
				BUNDLE_LOADER = "$(TEST_HOST)";
				FRAMEWORK_SEARCH_PATHS = (
					"$(SDKROOT)/Developer/Library/Frameworks",
					"$(inherited)",
				);
				GCC_PREPROCESSOR_DEFINITIONS = (
					"DEBUG=1",
					"$(inherited)",
				);
				INFOPLIST_FILE = GPUImageDemoTests/Info.plist;
				LD_RUNPATH_SEARCH_PATHS = "$(inherited) @executable_path/Frameworks @loader_path/Frameworks";
				PRODUCT_NAME = "$(TARGET_NAME)";
				TEST_HOST = "$(BUILT_PRODUCTS_DIR)/GPUImageDemo.app/GPUImageDemo";
			};
			name = Debug;
		};
		FBF633A01B3BF20E009B8ECB /* Release */ = {
			isa = XCBuildConfiguration;
			buildSettings = {
				BUNDLE_LOADER = "$(TEST_HOST)";
				FRAMEWORK_SEARCH_PATHS = (
					"$(SDKROOT)/Developer/Library/Frameworks",
					"$(inherited)",
				);
				INFOPLIST_FILE = GPUImageDemoTests/Info.plist;
				LD_RUNPATH_SEARCH_PATHS = "$(inherited) @executable_path/Frameworks @loader_path/Frameworks";
				PRODUCT_NAME = "$(TARGET_NAME)";
				TEST_HOST = "$(BUILT_PRODUCTS_DIR)/GPUImageDemo.app/GPUImageDemo";
			};
			name = Release;
		};
/* End XCBuildConfiguration section */

/* Begin XCConfigurationList section */
		FBF633731B3BF20E009B8ECB /* Build configuration list for PBXProject "GPUImageDemo" */ = {
			isa = XCConfigurationList;
			buildConfigurations = (
				FBF633991B3BF20E009B8ECB /* Debug */,
				FBF6339A1B3BF20E009B8ECB /* Release */,
			);
			defaultConfigurationIsVisible = 0;
			defaultConfigurationName = Release;
		};
		FBF6339B1B3BF20E009B8ECB /* Build configuration list for PBXNativeTarget "GPUImageDemo" */ = {
			isa = XCConfigurationList;
			buildConfigurations = (
				FBF6339C1B3BF20E009B8ECB /* Debug */,
				FBF6339D1B3BF20E009B8ECB /* Release */,
			);
			defaultConfigurationIsVisible = 0;
			defaultConfigurationName = Release;
		};
		FBF6339E1B3BF20E009B8ECB /* Build configuration list for PBXNativeTarget "GPUImageDemoTests" */ = {
			isa = XCConfigurationList;
			buildConfigurations = (
				FBF6339F1B3BF20E009B8ECB /* Debug */,
				FBF633A01B3BF20E009B8ECB /* Release */,
			);
			defaultConfigurationIsVisible = 0;
			defaultConfigurationName = Release;
		};
/* End XCConfigurationList section */
	};
	rootObject = FBF633701B3BF20E009B8ECB /* Project object */;
}
